
Microsoft Visual Studio Solution File, Format Version 12.00
# Visual Studio 15
VisualStudioVersion = 15.0.27130.2027
MinimumVisualStudioVersion = 10.0.40219.1
Project("{FAE04EC0-301F-11D3-BF4B-00C04F79EFBC}") = "validationEntries.Android", "validationEntries\validationEntries.Android\validationEntries.Android.csproj", "{A181DF68-63F2-46CB-B1EF-58AF3CA068F7}"
EndProject
Project("{FAE04EC0-301F-11D3-BF4B-00C04F79EFBC}") = "validationEntries.iOS", "validationEntries\validationEntries.iOS\validationEntries.iOS.csproj", "{38F53C31-85DC-4C66-9849-DFC109DAD2AA}"
EndProject
Project("{FAE04EC0-301F-11D3-BF4B-00C04F79EFBC}") = "validationEntries", "validationEntries\validationEntries\validationEntries.csproj", "{80C27525-FB70-428F-B079-9D74B1321E2D}"
EndProject
Global
	GlobalSection(SolutionConfigurationPlatforms) = preSolution
		Ad-Hoc|Any CPU = Ad-Hoc|Any CPU
		Ad-Hoc|ARM = Ad-Hoc|ARM
		Ad-Hoc|iPhone = Ad-Hoc|iPhone
		Ad-Hoc|iPhoneSimulator = Ad-Hoc|iPhoneSimulator
		Ad-Hoc|x64 = Ad-Hoc|x64
		Ad-Hoc|x86 = Ad-Hoc|x86
		AppStore|Any CPU = AppStore|Any CPU
		AppStore|ARM = AppStore|ARM
		AppStore|iPhone = AppStore|iPhone
		AppStore|iPhoneSimulator = AppStore|iPhoneSimulator
		AppStore|x64 = AppStore|x64
		AppStore|x86 = AppStore|x86
		Debug|Any CPU = Debug|Any CPU
		Debug|ARM = Debug|ARM
		Debug|iPhone = Debug|iPhone
		Debug|iPhoneSimulator = Debug|iPhoneSimulator
		Debug|x64 = Debug|x64
		Debug|x86 = Debug|x86
		Release|Any CPU = Release|Any CPU
		Release|ARM = Release|ARM
		Release|iPhone = Release|iPhone
		Release|iPhoneSimulator = Release|iPhoneSimulator
		Release|x64 = Release|x64
		Release|x86 = Release|x86
	EndGlobalSection
	GlobalSection(ProjectConfigurationPlatforms) = postSolution
		{A181DF68-63F2-46CB-B1EF-58AF3CA068F7}.Ad-Hoc|Any CPU.ActiveCfg = Release|Any CPU
		{A181DF68-63F2-46CB-B1EF-58AF3CA068F7}.Ad-Hoc|Any CPU.Build.0 = Release|Any CPU
		{A181DF68-63F2-46CB-B1EF-58AF3CA068F7}.Ad-Hoc|Any CPU.Deploy.0 = Release|Any CPU
		{A181DF68-63F2-46CB-B1EF-58AF3CA068F7}.Ad-Hoc|ARM.ActiveCfg = Release|Any CPU
		{A181DF68-63F2-46CB-B1EF-58AF3CA068F7}.Ad-Hoc|ARM.Build.0 = Release|Any CPU
		{A181DF68-63F2-46CB-B1EF-58AF3CA068F7}.Ad-Hoc|ARM.Deploy.0 = Release|Any CPU
		{A181DF68-63F2-46CB-B1EF-58AF3CA068F7}.Ad-Hoc|iPhone.ActiveCfg = Release|Any CPU
		{A181DF68-63F2-46CB-B1EF-58AF3CA068F7}.Ad-Hoc|iPhone.Build.0 = Release|Any CPU
		{A181DF68-63F2-46CB-B1EF-58AF3CA068F7}.Ad-Hoc|iPhone.Deploy.0 = Release|Any CPU
		{A181DF68-63F2-46CB-B1EF-58AF3CA068F7}.Ad-Hoc|iPhoneSimulator.ActiveCfg = Release|Any CPU
		{A181DF68-63F2-46CB-B1EF-58AF3CA068F7}.Ad-Hoc|iPhoneSimulator.Build.0 = Release|Any CPU
		{A181DF68-63F2-46CB-B1EF-58AF3CA068F7}.Ad-Hoc|iPhoneSimulator.Deploy.0 = Release|Any CPU
		{A181DF68-63F2-46CB-B1EF-58AF3CA068F7}.Ad-Hoc|x64.ActiveCfg = Release|Any CPU
		{A181DF68-63F2-46CB-B1EF-58AF3CA068F7}.Ad-Hoc|x64.Build.0 = Release|Any CPU
		{A181DF68-63F2-46CB-B1EF-58AF3CA068F7}.Ad-Hoc|x64.Deploy.0 = Release|Any CPU
		{A181DF68-63F2-46CB-B1EF-58AF3CA068F7}.Ad-Hoc|x86.ActiveCfg = Release|Any CPU
		{A181DF68-63F2-46CB-B1EF-58AF3CA068F7}.Ad-Hoc|x86.Build.0 = Release|Any CPU
		{A181DF68-63F2-46CB-B1EF-58AF3CA068F7}.Ad-Hoc|x86.Deploy.0 = Release|Any CPU
		{A181DF68-63F2-46CB-B1EF-58AF3CA068F7}.AppStore|Any CPU.ActiveCfg = Release|Any CPU
		{A181DF68-63F2-46CB-B1EF-58AF3CA068F7}.AppStore|Any CPU.Build.0 = Release|Any CPU
		{A181DF68-63F2-46CB-B1EF-58AF3CA068F7}.AppStore|Any CPU.Deploy.0 = Release|Any CPU
		{A181DF68-63F2-46CB-B1EF-58AF3CA068F7}.AppStore|ARM.ActiveCfg = Release|Any CPU
		{A181DF68-63F2-46CB-B1EF-58AF3CA068F7}.AppStore|ARM.Build.0 = Release|Any CPU
		{A181DF68-63F2-46CB-B1EF-58AF3CA068F7}.AppStore|ARM.Deploy.0 = Release|Any CPU
		{A181DF68-63F2-46CB-B1EF-58AF3CA068F7}.AppStore|iPhone.ActiveCfg = Release|Any CPU
		{A181DF68-63F2-46CB-B1EF-58AF3CA068F7}.AppStore|iPhone.Build.0 = Release|Any CPU
		{A181DF68-63F2-46CB-B1EF-58AF3CA068F7}.AppStore|iPhone.Deploy.0 = Release|Any CPU
		{A181DF68-63F2-46CB-B1EF-58AF3CA068F7}.AppStore|iPhoneSimulator.ActiveCfg = Release|Any CPU
		{A181DF68-63F2-46CB-B1EF-58AF3CA068F7}.AppStore|iPhoneSimulator.Build.0 = Release|Any CPU
		{A181DF68-63F2-46CB-B1EF-58AF3CA068F7}.AppStore|iPhoneSimulator.Deploy.0 = Release|Any CPU
		{A181DF68-63F2-46CB-B1EF-58AF3CA068F7}.AppStore|x64.ActiveCfg = Release|Any CPU
		{A181DF68-63F2-46CB-B1EF-58AF3CA068F7}.AppStore|x64.Build.0 = Release|Any CPU
		{A181DF68-63F2-46CB-B1EF-58AF3CA068F7}.AppStore|x64.Deploy.0 = Release|Any CPU
		{A181DF68-63F2-46CB-B1EF-58AF3CA068F7}.AppStore|x86.ActiveCfg = Release|Any CPU
		{A181DF68-63F2-46CB-B1EF-58AF3CA068F7}.AppStore|x86.Build.0 = Release|Any CPU
		{A181DF68-63F2-46CB-B1EF-58AF3CA068F7}.AppStore|x86.Deploy.0 = Release|Any CPU
		{A181DF68-63F2-46CB-B1EF-58AF3CA068F7}.Debug|Any CPU.ActiveCfg = Debug|Any CPU
		{A181DF68-63F2-46CB-B1EF-58AF3CA068F7}.Debug|Any CPU.Build.0 = Debug|Any CPU
		{A181DF68-63F2-46CB-B1EF-58AF3CA068F7}.Debug|Any CPU.Deploy.0 = Debug|Any CPU
		{A181DF68-63F2-46CB-B1EF-58AF3CA068F7}.Debug|ARM.ActiveCfg = Debug|Any CPU
		{A181DF68-63F2-46CB-B1EF-58AF3CA068F7}.Debug|ARM.Build.0 = Debug|Any CPU
		{A181DF68-63F2-46CB-B1EF-58AF3CA068F7}.Debug|ARM.Deploy.0 = Debug|Any CPU
		{A181DF68-63F2-46CB-B1EF-58AF3CA068F7}.Debug|iPhone.ActiveCfg = Debug|Any CPU
		{A181DF68-63F2-46CB-B1EF-58AF3CA068F7}.Debug|iPhone.Build.0 = Debug|Any CPU
		{A181DF68-63F2-46CB-B1EF-58AF3CA068F7}.Debug|iPhone.Deploy.0 = Debug|Any CPU
		{A181DF68-63F2-46CB-B1EF-58AF3CA068F7}.Debug|iPhoneSimulator.ActiveCfg = Debug|Any CPU
		{A181DF68-63F2-46CB-B1EF-58AF3CA068F7}.Debug|iPhoneSimulator.Build.0 = Debug|Any CPU
		{A181DF68-63F2-46CB-B1EF-58AF3CA068F7}.Debug|iPhoneSimulator.Deploy.0 = Debug|Any CPU
		{A181DF68-63F2-46CB-B1EF-58AF3CA068F7}.Debug|x64.ActiveCfg = Debug|Any CPU
		{A181DF68-63F2-46CB-B1EF-58AF3CA068F7}.Debug|x64.Build.0 = Debug|Any CPU
		{A181DF68-63F2-46CB-B1EF-58AF3CA068F7}.Debug|x64.Deploy.0 = Debug|Any CPU
		{A181DF68-63F2-46CB-B1EF-58AF3CA068F7}.Debug|x86.ActiveCfg = Debug|Any CPU
		{A181DF68-63F2-46CB-B1EF-58AF3CA068F7}.Debug|x86.Build.0 = Debug|Any CPU
		{A181DF68-63F2-46CB-B1EF-58AF3CA068F7}.Debug|x86.Deploy.0 = Debug|Any CPU
		{A181DF68-63F2-46CB-B1EF-58AF3CA068F7}.Release|Any CPU.ActiveCfg = Release|Any CPU
		{A181DF68-63F2-46CB-B1EF-58AF3CA068F7}.Release|Any CPU.Build.0 = Release|Any CPU
		{A181DF68-63F2-46CB-B1EF-58AF3CA068F7}.Release|Any CPU.Deploy.0 = Release|Any CPU
		{A181DF68-63F2-46CB-B1EF-58AF3CA068F7}.Release|ARM.ActiveCfg = Release|Any CPU
		{A181DF68-63F2-46CB-B1EF-58AF3CA068F7}.Release|ARM.Build.0 = Release|Any CPU
		{A181DF68-63F2-46CB-B1EF-58AF3CA068F7}.Release|ARM.Deploy.0 = Release|Any CPU
		{A181DF68-63F2-46CB-B1EF-58AF3CA068F7}.Release|iPhone.ActiveCfg = Release|Any CPU
		{A181DF68-63F2-46CB-B1EF-58AF3CA068F7}.Release|iPhone.Build.0 = Release|Any CPU
		{A181DF68-63F2-46CB-B1EF-58AF3CA068F7}.Release|iPhone.Deploy.0 = Release|Any CPU
		{A181DF68-63F2-46CB-B1EF-58AF3CA068F7}.Release|iPhoneSimulator.ActiveCfg = Release|Any CPU
		{A181DF68-63F2-46CB-B1EF-58AF3CA068F7}.Release|iPhoneSimulator.Build.0 = Release|Any CPU
		{A181DF68-63F2-46CB-B1EF-58AF3CA068F7}.Release|iPhoneSimulator.Deploy.0 = Release|Any CPU
		{A181DF68-63F2-46CB-B1EF-58AF3CA068F7}.Release|x64.ActiveCfg = Release|Any CPU
		{A181DF68-63F2-46CB-B1EF-58AF3CA068F7}.Release|x64.Build.0 = Release|Any CPU
		{A181DF68-63F2-46CB-B1EF-58AF3CA068F7}.Release|x64.Deploy.0 = Release|Any CPU
		{A181DF68-63F2-46CB-B1EF-58AF3CA068F7}.Release|x86.ActiveCfg = Release|Any CPU
		{A181DF68-63F2-46CB-B1EF-58AF3CA068F7}.Release|x86.Build.0 = Release|Any CPU
		{A181DF68-63F2-46CB-B1EF-58AF3CA068F7}.Release|x86.Deploy.0 = Release|Any CPU
		{38F53C31-85DC-4C66-9849-DFC109DAD2AA}.Ad-Hoc|Any CPU.ActiveCfg = Ad-Hoc|iPhone
		{38F53C31-85DC-4C66-9849-DFC109DAD2AA}.Ad-Hoc|ARM.ActiveCfg = Ad-Hoc|iPhone
		{38F53C31-85DC-4C66-9849-DFC109DAD2AA}.Ad-Hoc|iPhone.ActiveCfg = Ad-Hoc|iPhone
		{38F53C31-85DC-4C66-9849-DFC109DAD2AA}.Ad-Hoc|iPhone.Build.0 = Ad-Hoc|iPhone
		{38F53C31-85DC-4C66-9849-DFC109DAD2AA}.Ad-Hoc|iPhoneSimulator.ActiveCfg = Ad-Hoc|iPhoneSimulator
		{38F53C31-85DC-4C66-9849-DFC109DAD2AA}.Ad-Hoc|iPhoneSimulator.Build.0 = Ad-Hoc|iPhoneSimulator
		{38F53C31-85DC-4C66-9849-DFC109DAD2AA}.Ad-Hoc|x64.ActiveCfg = Ad-Hoc|iPhone
		{38F53C31-85DC-4C66-9849-DFC109DAD2AA}.Ad-Hoc|x86.ActiveCfg = Ad-Hoc|iPhone
		{38F53C31-85DC-4C66-9849-DFC109DAD2AA}.AppStore|Any CPU.ActiveCfg = AppStore|iPhone
		{38F53C31-85DC-4C66-9849-DFC109DAD2AA}.AppStore|ARM.ActiveCfg = AppStore|iPhone
		{38F53C31-85DC-4C66-9849-DFC109DAD2AA}.AppStore|iPhone.ActiveCfg = AppStore|iPhone
		{38F53C31-85DC-4C66-9849-DFC109DAD2AA}.AppStore|iPhone.Build.0 = AppStore|iPhone
		{38F53C31-85DC-4C66-9849-DFC109DAD2AA}.AppStore|iPhoneSimulator.ActiveCfg = AppStore|iPhoneSimulator
		{38F53C31-85DC-4C66-9849-DFC109DAD2AA}.AppStore|iPhoneSimulator.Build.0 = AppStore|iPhoneSimulator
		{38F53C31-85DC-4C66-9849-DFC109DAD2AA}.AppStore|x64.ActiveCfg = AppStore|iPhone
		{38F53C31-85DC-4C66-9849-DFC109DAD2AA}.AppStore|x86.ActiveCfg = AppStore|iPhone
		{38F53C31-85DC-4C66-9849-DFC109DAD2AA}.Debug|Any CPU.ActiveCfg = Debug|iPhone
		{38F53C31-85DC-4C66-9849-DFC109DAD2AA}.Debug|ARM.ActiveCfg = Debug|iPhone
		{38F53C31-85DC-4C66-9849-DFC109DAD2AA}.Debug|iPhone.ActiveCfg = Debug|iPhone
		{38F53C31-85DC-4C66-9849-DFC109DAD2AA}.Debug|iPhone.Build.0 = Debug|iPhone
		{38F53C31-85DC-4C66-9849-DFC109DAD2AA}.Debug|iPhoneSimulator.ActiveCfg = Debug|iPhoneSimulator
		{38F53C31-85DC-4C66-9849-DFC109DAD2AA}.Debug|iPhoneSimulator.Build.0 = Debug|iPhoneSimulator
		{38F53C31-85DC-4C66-9849-DFC109DAD2AA}.Debug|x64.ActiveCfg = Debug|iPhone
		{38F53C31-85DC-4C66-9849-DFC109DAD2AA}.Debug|x86.ActiveCfg = Debug|iPhone
		{38F53C31-85DC-4C66-9849-DFC109DAD2AA}.Release|Any CPU.ActiveCfg = Release|iPhone
		{38F53C31-85DC-4C66-9849-DFC109DAD2AA}.Release|ARM.ActiveCfg = Release|iPhone
		{38F53C31-85DC-4C66-9849-DFC109DAD2AA}.Release|iPhone.ActiveCfg = Release|iPhone
		{38F53C31-85DC-4C66-9849-DFC109DAD2AA}.Release|iPhone.Build.0 = Release|iPhone
		{38F53C31-85DC-4C66-9849-DFC109DAD2AA}.Release|iPhoneSimulator.ActiveCfg = Release|iPhoneSimulator
		{38F53C31-85DC-4C66-9849-DFC109DAD2AA}.Release|iPhoneSimulator.Build.0 = Release|iPhoneSimulator
		{38F53C31-85DC-4C66-9849-DFC109DAD2AA}.Release|x64.ActiveCfg = Release|iPhone
		{38F53C31-85DC-4C66-9849-DFC109DAD2AA}.Release|x86.ActiveCfg = Release|iPhone
		{80C27525-FB70-428F-B079-9D74B1321E2D}.Ad-Hoc|Any CPU.ActiveCfg = Debug|Any CPU
		{80C27525-FB70-428F-B079-9D74B1321E2D}.Ad-Hoc|Any CPU.Build.0 = Debug|Any CPU
		{80C27525-FB70-428F-B079-9D74B1321E2D}.Ad-Hoc|ARM.ActiveCfg = Debug|Any CPU
		{80C27525-FB70-428F-B079-9D74B1321E2D}.Ad-Hoc|ARM.Build.0 = Debug|Any CPU
		{80C27525-FB70-428F-B079-9D74B1321E2D}.Ad-Hoc|iPhone.ActiveCfg = Debug|Any CPU
		{80C27525-FB70-428F-B079-9D74B1321E2D}.Ad-Hoc|iPhone.Build.0 = Debug|Any CPU
		{80C27525-FB70-428F-B079-9D74B1321E2D}.Ad-Hoc|iPhoneSimulator.ActiveCfg = Debug|Any CPU
		{80C27525-FB70-428F-B079-9D74B1321E2D}.Ad-Hoc|iPhoneSimulator.Build.0 = Debug|Any CPU
		{80C27525-FB70-428F-B079-9D74B1321E2D}.Ad-Hoc|x64.ActiveCfg = Debug|Any CPU
		{80C27525-FB70-428F-B079-9D74B1321E2D}.Ad-Hoc|x64.Build.0 = Debug|Any CPU
		{80C27525-FB70-428F-B079-9D74B1321E2D}.Ad-Hoc|x86.ActiveCfg = Debug|Any CPU
		{80C27525-FB70-428F-B079-9D74B1321E2D}.Ad-Hoc|x86.Build.0 = Debug|Any CPU
		{80C27525-FB70-428F-B079-9D74B1321E2D}.AppStore|Any CPU.ActiveCfg = Debug|Any CPU
		{80C27525-FB70-428F-B079-9D74B1321E2D}.AppStore|Any CPU.Build.0 = Debug|Any CPU
		{80C27525-FB70-428F-B079-9D74B1321E2D}.AppStore|ARM.ActiveCfg = Debug|Any CPU
		{80C27525-FB70-428F-B079-9D74B1321E2D}.AppStore|ARM.Build.0 = Debug|Any CPU
		{80C27525-FB70-428F-B079-9D74B1321E2D}.AppStore|iPhone.ActiveCfg = Debug|Any CPU
		{80C27525-FB70-428F-B079-9D74B1321E2D}.AppStore|iPhone.Build.0 = Debug|Any CPU
		{80C27525-FB70-428F-B079-9D74B1321E2D}.AppStore|iPhoneSimulator.ActiveCfg = Debug|Any CPU
		{80C27525-FB70-428F-B079-9D74B1321E2D}.AppStore|iPhoneSimulator.Build.0 = Debug|Any CPU
		{80C27525-FB70-428F-B079-9D74B1321E2D}.AppStore|x64.ActiveCfg = Debug|Any CPU
		{80C27525-FB70-428F-B079-9D74B1321E2D}.AppStore|x64.Build.0 = Debug|Any CPU
		{80C27525-FB70-428F-B079-9D74B1321E2D}.AppStore|x86.ActiveCfg = Debug|Any CPU
		{80C27525-FB70-428F-B079-9D74B1321E2D}.AppStore|x86.Build.0 = Debug|Any CPU
		{80C27525-FB70-428F-B079-9D74B1321E2D}.Debug|Any CPU.ActiveCfg = Debug|Any CPU
		{80C27525-FB70-428F-B079-9D74B1321E2D}.Debug|Any CPU.Build.0 = Debug|Any CPU
		{80C27525-FB70-428F-B079-9D74B1321E2D}.Debug|ARM.ActiveCfg = Debug|Any CPU
		{80C27525-FB70-428F-B079-9D74B1321E2D}.Debug|ARM.Build.0 = Debug|Any CPU
		{80C27525-FB70-428F-B079-9D74B1321E2D}.Debug|iPhone.ActiveCfg = Debug|Any CPU
		{80C27525-FB70-428F-B079-9D74B1321E2D}.Debug|iPhone.Build.0 = Debug|Any CPU
		{80C27525-FB70-428F-B079-9D74B1321E2D}.Debug|iPhoneSimulator.ActiveCfg = Debug|Any CPU
		{80C27525-FB70-428F-B079-9D74B1321E2D}.Debug|iPhoneSimulator.Build.0 = Debug|Any CPU
		{80C27525-FB70-428F-B079-9D74B1321E2D}.Debug|x64.ActiveCfg = Debug|Any CPU
		{80C27525-FB70-428F-B079-9D74B1321E2D}.Debug|x64.Build.0 = Debug|Any CPU
		{80C27525-FB70-428F-B079-9D74B1321E2D}.Debug|x86.ActiveCfg = Debug|Any CPU
		{80C27525-FB70-428F-B079-9D74B1321E2D}.Debug|x86.Build.0 = Debug|Any CPU
		{80C27525-FB70-428F-B079-9D74B1321E2D}.Release|Any CPU.ActiveCfg = Release|Any CPU
		{80C27525-FB70-428F-B079-9D74B1321E2D}.Release|Any CPU.Build.0 = Release|Any CPU
		{80C27525-FB70-428F-B079-9D74B1321E2D}.Release|ARM.ActiveCfg = Release|Any CPU
		{80C27525-FB70-428F-B079-9D74B1321E2D}.Release|ARM.Build.0 = Release|Any CPU
		{80C27525-FB70-428F-B079-9D74B1321E2D}.Release|iPhone.ActiveCfg = Release|Any CPU
		{80C27525-FB70-428F-B079-9D74B1321E2D}.Release|iPhone.Build.0 = Release|Any CPU
		{80C27525-FB70-428F-B079-9D74B1321E2D}.Release|iPhoneSimulator.ActiveCfg = Release|Any CPU
		{80C27525-FB70-428F-B079-9D74B1321E2D}.Release|iPhoneSimulator.Build.0 = Release|Any CPU
		{80C27525-FB70-428F-B079-9D74B1321E2D}.Release|x64.ActiveCfg = Release|Any CPU
		{80C27525-FB70-428F-B079-9D74B1321E2D}.Release|x64.Build.0 = Release|Any CPU
		{80C27525-FB70-428F-B079-9D74B1321E2D}.Release|x86.ActiveCfg = Release|Any CPU
		{80C27525-FB70-428F-B079-9D74B1321E2D}.Release|x86.Build.0 = Release|Any CPU
	EndGlobalSection
	GlobalSection(SolutionProperties) = preSolution
		HideSolutionNode = FALSE
	EndGlobalSection
	GlobalSection(ExtensibilityGlobals) = postSolution
		SolutionGuid = {D8FDFF06-79F5-4DA4-B315-FDD8D42C0218}
	EndGlobalSection
EndGlobal
